
Microsoft Visual Studio Solution File, Format Version 12.00
# Visual Studio Version 17
VisualStudioVersion = 17.3.32825.248
MinimumVisualStudioVersion = 10.0.40219.1
Project("{FAE04EC0-301F-11D3-BF4B-00C04F79EFBC}") = "Classproject1", "Classproject1\Classproject1.csproj", "{B11B0AA5-050E-438F-8CFE-1D548D65F08B}"
EndProject
Global
	GlobalSection(SolutionConfigurationPlatforms) = preSolution
		Debug|Any CPU = Debug|Any CPU
		Release|Any CPU = Release|Any CPU
	EndGlobalSection
	GlobalSection(ProjectConfigurationPlatforms) = postSolution
		{B11B0AA5-050E-438F-8CFE-1D548D65F08B}.Debug|Any CPU.ActiveCfg = Debug|Any CPU
		{B11B0AA5-050E-438F-8CFE-1D548D65F08B}.Debug|Any CPU.Build.0 = Debug|Any CPU
		{B11B0AA5-050E-438F-8CFE-1D548D65F08B}.Release|Any CPU.ActiveCfg = Release|Any CPU
		{B11B0AA5-050E-438F-8CFE-1D548D65F08B}.Release|Any CPU.Build.0 = Release|Any CPU
	EndGlobalSection
	GlobalSection(SolutionProperties) = preSolution
		HideSolutionNode = FALSE
	EndGlobalSection
	GlobalSection(ExtensibilityGlobals) = postSolution
		SolutionGuid = {34240C9A-E858-4504-A34F-BCABEE4507E3}
	EndGlobalSection
EndGlobal
